
Microsoft Visual Studio Solution File, Format Version 12.00
# Visual Studio 15
VisualStudioVersion = 15.0.26730.16
MinimumVisualStudioVersion = 10.0.40219.1
Project("{FAE04EC0-301F-11D3-BF4B-00C04F79EFBC}") = "CoolBreeze.Android", "CoolBreeze\CoolBreeze.Android\CoolBreeze.Android.csproj", "{D636BAD0-95C2-46AF-954A-82DBCB5F742B}"
EndProject
Project("{FAE04EC0-301F-11D3-BF4B-00C04F79EFBC}") = "CoolBreeze", "CoolBreeze\CoolBreeze\CoolBreeze.csproj", "{4F51FBC1-86F3-40DE-B5C4-1BEC5311E40E}"
EndProject
Project("{FAE04EC0-301F-11D3-BF4B-00C04F79EFBC}") = "CoolBreeze.UWP", "CoolBreeze\CoolBreeze.UWP\CoolBreeze.UWP.csproj", "{5FF2B51B-F8D9-478D-A9A6-C230B1E01ECE}"
EndProject
Project("{FAE04EC0-301F-11D3-BF4B-00C04F79EFBC}") = "CoolBreeze.iOS", "CoolBreeze\CoolBreeze.iOS\CoolBreeze.iOS.csproj", "{B57671D0-EE54-4BA2-9CE2-4ECA37F2BFB6}"
EndProject
Global
	GlobalSection(SolutionConfigurationPlatforms) = preSolution
		Ad-Hoc|Any CPU = Ad-Hoc|Any CPU
		Ad-Hoc|ARM = Ad-Hoc|ARM
		Ad-Hoc|iPhone = Ad-Hoc|iPhone
		Ad-Hoc|iPhoneSimulator = Ad-Hoc|iPhoneSimulator
		Ad-Hoc|x64 = Ad-Hoc|x64
		Ad-Hoc|x86 = Ad-Hoc|x86
		AppStore|Any CPU = AppStore|Any CPU
		AppStore|ARM = AppStore|ARM
		AppStore|iPhone = AppStore|iPhone
		AppStore|iPhoneSimulator = AppStore|iPhoneSimulator
		AppStore|x64 = AppStore|x64
		AppStore|x86 = AppStore|x86
		Debug|Any CPU = Debug|Any CPU
		Debug|ARM = Debug|ARM
		Debug|iPhone = Debug|iPhone
		Debug|iPhoneSimulator = Debug|iPhoneSimulator
		Debug|x64 = Debug|x64
		Debug|x86 = Debug|x86
		Release|Any CPU = Release|Any CPU
		Release|ARM = Release|ARM
		Release|iPhone = Release|iPhone
		Release|iPhoneSimulator = Release|iPhoneSimulator
		Release|x64 = Release|x64
		Release|x86 = Release|x86
	EndGlobalSection
	GlobalSection(ProjectConfigurationPlatforms) = postSolution
		{D636BAD0-95C2-46AF-954A-82DBCB5F742B}.Ad-Hoc|Any CPU.ActiveCfg = Release|Any CPU
		{D636BAD0-95C2-46AF-954A-82DBCB5F742B}.Ad-Hoc|Any CPU.Build.0 = Release|Any CPU
		{D636BAD0-95C2-46AF-954A-82DBCB5F742B}.Ad-Hoc|Any CPU.Deploy.0 = Release|Any CPU
		{D636BAD0-95C2-46AF-954A-82DBCB5F742B}.Ad-Hoc|ARM.ActiveCfg = Release|Any CPU
		{D636BAD0-95C2-46AF-954A-82DBCB5F742B}.Ad-Hoc|ARM.Build.0 = Release|Any CPU
		{D636BAD0-95C2-46AF-954A-82DBCB5F742B}.Ad-Hoc|ARM.Deploy.0 = Release|Any CPU
		{D636BAD0-95C2-46AF-954A-82DBCB5F742B}.Ad-Hoc|iPhone.ActiveCfg = Release|Any CPU
		{D636BAD0-95C2-46AF-954A-82DBCB5F742B}.Ad-Hoc|iPhone.Build.0 = Release|Any CPU
		{D636BAD0-95C2-46AF-954A-82DBCB5F742B}.Ad-Hoc|iPhone.Deploy.0 = Release|Any CPU
		{D636BAD0-95C2-46AF-954A-82DBCB5F742B}.Ad-Hoc|iPhoneSimulator.ActiveCfg = Release|Any CPU
		{D636BAD0-95C2-46AF-954A-82DBCB5F742B}.Ad-Hoc|iPhoneSimulator.Build.0 = Release|Any CPU
		{D636BAD0-95C2-46AF-954A-82DBCB5F742B}.Ad-Hoc|iPhoneSimulator.Deploy.0 = Release|Any CPU
		{D636BAD0-95C2-46AF-954A-82DBCB5F742B}.Ad-Hoc|x64.ActiveCfg = Release|Any CPU
		{D636BAD0-95C2-46AF-954A-82DBCB5F742B}.Ad-Hoc|x64.Build.0 = Release|Any CPU
		{D636BAD0-95C2-46AF-954A-82DBCB5F742B}.Ad-Hoc|x64.Deploy.0 = Release|Any CPU
		{D636BAD0-95C2-46AF-954A-82DBCB5F742B}.Ad-Hoc|x86.ActiveCfg = Release|Any CPU
		{D636BAD0-95C2-46AF-954A-82DBCB5F742B}.Ad-Hoc|x86.Build.0 = Release|Any CPU
		{D636BAD0-95C2-46AF-954A-82DBCB5F742B}.Ad-Hoc|x86.Deploy.0 = Release|Any CPU
		{D636BAD0-95C2-46AF-954A-82DBCB5F742B}.AppStore|Any CPU.ActiveCfg = Release|Any CPU
		{D636BAD0-95C2-46AF-954A-82DBCB5F742B}.AppStore|Any CPU.Build.0 = Release|Any CPU
		{D636BAD0-95C2-46AF-954A-82DBCB5F742B}.AppStore|Any CPU.Deploy.0 = Release|Any CPU
		{D636BAD0-95C2-46AF-954A-82DBCB5F742B}.AppStore|ARM.ActiveCfg = Release|Any CPU
		{D636BAD0-95C2-46AF-954A-82DBCB5F742B}.AppStore|ARM.Build.0 = Release|Any CPU
		{D636BAD0-95C2-46AF-954A-82DBCB5F742B}.AppStore|ARM.Deploy.0 = Release|Any CPU
		{D636BAD0-95C2-46AF-954A-82DBCB5F742B}.AppStore|iPhone.ActiveCfg = Release|Any CPU
		{D636BAD0-95C2-46AF-954A-82DBCB5F742B}.AppStore|iPhone.Build.0 = Release|Any CPU
		{D636BAD0-95C2-46AF-954A-82DBCB5F742B}.AppStore|iPhone.Deploy.0 = Release|Any CPU
		{D636BAD0-95C2-46AF-954A-82DBCB5F742B}.AppStore|iPhoneSimulator.ActiveCfg = Release|Any CPU
		{D636BAD0-95C2-46AF-954A-82DBCB5F742B}.AppStore|iPhoneSimulator.Build.0 = Release|Any CPU
		{D636BAD0-95C2-46AF-954A-82DBCB5F742B}.AppStore|iPhoneSimulator.Deploy.0 = Release|Any CPU
		{D636BAD0-95C2-46AF-954A-82DBCB5F742B}.AppStore|x64.ActiveCfg = Release|Any CPU
		{D636BAD0-95C2-46AF-954A-82DBCB5F742B}.AppStore|x64.Build.0 = Release|Any CPU
		{D636BAD0-95C2-46AF-954A-82DBCB5F742B}.AppStore|x64.Deploy.0 = Release|Any CPU
		{D636BAD0-95C2-46AF-954A-82DBCB5F742B}.AppStore|x86.ActiveCfg = Release|Any CPU
		{D636BAD0-95C2-46AF-954A-82DBCB5F742B}.AppStore|x86.Build.0 = Release|Any CPU
		{D636BAD0-95C2-46AF-954A-82DBCB5F742B}.AppStore|x86.Deploy.0 = Release|Any CPU
		{D636BAD0-95C2-46AF-954A-82DBCB5F742B}.Debug|Any CPU.ActiveCfg = Debug|Any CPU
		{D636BAD0-95C2-46AF-954A-82DBCB5F742B}.Debug|Any CPU.Build.0 = Debug|Any CPU
		{D636BAD0-95C2-46AF-954A-82DBCB5F742B}.Debug|Any CPU.Deploy.0 = Debug|Any CPU
		{D636BAD0-95C2-46AF-954A-82DBCB5F742B}.Debug|ARM.ActiveCfg = Debug|Any CPU
		{D636BAD0-95C2-46AF-954A-82DBCB5F742B}.Debug|ARM.Build.0 = Debug|Any CPU
		{D636BAD0-95C2-46AF-954A-82DBCB5F742B}.Debug|ARM.Deploy.0 = Debug|Any CPU
		{D636BAD0-95C2-46AF-954A-82DBCB5F742B}.Debug|iPhone.ActiveCfg = Debug|Any CPU
		{D636BAD0-95C2-46AF-954A-82DBCB5F742B}.Debug|iPhone.Build.0 = Debug|Any CPU
		{D636BAD0-95C2-46AF-954A-82DBCB5F742B}.Debug|iPhone.Deploy.0 = Debug|Any CPU
		{D636BAD0-95C2-46AF-954A-82DBCB5F742B}.Debug|iPhoneSimulator.ActiveCfg = Debug|Any CPU
		{D636BAD0-95C2-46AF-954A-82DBCB5F742B}.Debug|iPhoneSimulator.Build.0 = Debug|Any CPU
		{D636BAD0-95C2-46AF-954A-82DBCB5F742B}.Debug|iPhoneSimulator.Deploy.0 = Debug|Any CPU
		{D636BAD0-95C2-46AF-954A-82DBCB5F742B}.Debug|x64.ActiveCfg = Debug|Any CPU
		{D636BAD0-95C2-46AF-954A-82DBCB5F742B}.Debug|x64.Build.0 = Debug|Any CPU
		{D636BAD0-95C2-46AF-954A-82DBCB5F742B}.Debug|x64.Deploy.0 = Debug|Any CPU
		{D636BAD0-95C2-46AF-954A-82DBCB5F742B}.Debug|x86.ActiveCfg = Debug|Any CPU
		{D636BAD0-95C2-46AF-954A-82DBCB5F742B}.Debug|x86.Build.0 = Debug|Any CPU
		{D636BAD0-95C2-46AF-954A-82DBCB5F742B}.Debug|x86.Deploy.0 = Debug|Any CPU
		{D636BAD0-95C2-46AF-954A-82DBCB5F742B}.Release|Any CPU.ActiveCfg = Release|Any CPU
		{D636BAD0-95C2-46AF-954A-82DBCB5F742B}.Release|Any CPU.Build.0 = Release|Any CPU
		{D636BAD0-95C2-46AF-954A-82DBCB5F742B}.Release|Any CPU.Deploy.0 = Release|Any CPU
		{D636BAD0-95C2-46AF-954A-82DBCB5F742B}.Release|ARM.ActiveCfg = Release|Any CPU
		{D636BAD0-95C2-46AF-954A-82DBCB5F742B}.Release|ARM.Build.0 = Release|Any CPU
		{D636BAD0-95C2-46AF-954A-82DBCB5F742B}.Release|ARM.Deploy.0 = Release|Any CPU
		{D636BAD0-95C2-46AF-954A-82DBCB5F742B}.Release|iPhone.ActiveCfg = Release|Any CPU
		{D636BAD0-95C2-46AF-954A-82DBCB5F742B}.Release|iPhone.Build.0 = Release|Any CPU
		{D636BAD0-95C2-46AF-954A-82DBCB5F742B}.Release|iPhone.Deploy.0 = Release|Any CPU
		{D636BAD0-95C2-46AF-954A-82DBCB5F742B}.Release|iPhoneSimulator.ActiveCfg = Release|Any CPU
		{D636BAD0-95C2-46AF-954A-82DBCB5F742B}.Release|iPhoneSimulator.Build.0 = Release|Any CPU
		{D636BAD0-95C2-46AF-954A-82DBCB5F742B}.Release|iPhoneSimulator.Deploy.0 = Release|Any CPU
		{D636BAD0-95C2-46AF-954A-82DBCB5F742B}.Release|x64.ActiveCfg = Release|Any CPU
		{D636BAD0-95C2-46AF-954A-82DBCB5F742B}.Release|x64.Build.0 = Release|Any CPU
		{D636BAD0-95C2-46AF-954A-82DBCB5F742B}.Release|x64.Deploy.0 = Release|Any CPU
		{D636BAD0-95C2-46AF-954A-82DBCB5F742B}.Release|x86.ActiveCfg = Release|Any CPU
		{D636BAD0-95C2-46AF-954A-82DBCB5F742B}.Release|x86.Build.0 = Release|Any CPU
		{D636BAD0-95C2-46AF-954A-82DBCB5F742B}.Release|x86.Deploy.0 = Release|Any CPU
		{4F51FBC1-86F3-40DE-B5C4-1BEC5311E40E}.Ad-Hoc|Any CPU.ActiveCfg = Release|Any CPU
		{4F51FBC1-86F3-40DE-B5C4-1BEC5311E40E}.Ad-Hoc|Any CPU.Build.0 = Release|Any CPU
		{4F51FBC1-86F3-40DE-B5C4-1BEC5311E40E}.Ad-Hoc|ARM.ActiveCfg = Release|Any CPU
		{4F51FBC1-86F3-40DE-B5C4-1BEC5311E40E}.Ad-Hoc|ARM.Build.0 = Release|Any CPU
		{4F51FBC1-86F3-40DE-B5C4-1BEC5311E40E}.Ad-Hoc|iPhone.ActiveCfg = Release|Any CPU
		{4F51FBC1-86F3-40DE-B5C4-1BEC5311E40E}.Ad-Hoc|iPhone.Build.0 = Release|Any CPU
		{4F51FBC1-86F3-40DE-B5C4-1BEC5311E40E}.Ad-Hoc|iPhoneSimulator.ActiveCfg = Release|Any CPU
		{4F51FBC1-86F3-40DE-B5C4-1BEC5311E40E}.Ad-Hoc|iPhoneSimulator.Build.0 = Release|Any CPU
		{4F51FBC1-86F3-40DE-B5C4-1BEC5311E40E}.Ad-Hoc|x64.ActiveCfg = Release|Any CPU
		{4F51FBC1-86F3-40DE-B5C4-1BEC5311E40E}.Ad-Hoc|x64.Build.0 = Release|Any CPU
		{4F51FBC1-86F3-40DE-B5C4-1BEC5311E40E}.Ad-Hoc|x86.ActiveCfg = Release|Any CPU
		{4F51FBC1-86F3-40DE-B5C4-1BEC5311E40E}.Ad-Hoc|x86.Build.0 = Release|Any CPU
		{4F51FBC1-86F3-40DE-B5C4-1BEC5311E40E}.AppStore|Any CPU.ActiveCfg = Release|Any CPU
		{4F51FBC1-86F3-40DE-B5C4-1BEC5311E40E}.AppStore|Any CPU.Build.0 = Release|Any CPU
		{4F51FBC1-86F3-40DE-B5C4-1BEC5311E40E}.AppStore|ARM.ActiveCfg = Release|Any CPU
		{4F51FBC1-86F3-40DE-B5C4-1BEC5311E40E}.AppStore|ARM.Build.0 = Release|Any CPU
		{4F51FBC1-86F3-40DE-B5C4-1BEC5311E40E}.AppStore|iPhone.ActiveCfg = Release|Any CPU
		{4F51FBC1-86F3-40DE-B5C4-1BEC5311E40E}.AppStore|iPhone.Build.0 = Release|Any CPU
		{4F51FBC1-86F3-40DE-B5C4-1BEC5311E40E}.AppStore|iPhoneSimulator.ActiveCfg = Release|Any CPU
		{4F51FBC1-86F3-40DE-B5C4-1BEC5311E40E}.AppStore|iPhoneSimulator.Build.0 = Release|Any CPU
		{4F51FBC1-86F3-40DE-B5C4-1BEC5311E40E}.AppStore|x64.ActiveCfg = Release|Any CPU
		{4F51FBC1-86F3-40DE-B5C4-1BEC5311E40E}.AppStore|x64.Build.0 = Release|Any CPU
		{4F51FBC1-86F3-40DE-B5C4-1BEC5311E40E}.AppStore|x86.ActiveCfg = Release|Any CPU
		{4F51FBC1-86F3-40DE-B5C4-1BEC5311E40E}.AppStore|x86.Build.0 = Release|Any CPU
		{4F51FBC1-86F3-40DE-B5C4-1BEC5311E40E}.Debug|Any CPU.ActiveCfg = Debug|Any CPU
		{4F51FBC1-86F3-40DE-B5C4-1BEC5311E40E}.Debug|Any CPU.Build.0 = Debug|Any CPU
		{4F51FBC1-86F3-40DE-B5C4-1BEC5311E40E}.Debug|ARM.ActiveCfg = Debug|Any CPU
		{4F51FBC1-86F3-40DE-B5C4-1BEC5311E40E}.Debug|ARM.Build.0 = Debug|Any CPU
		{4F51FBC1-86F3-40DE-B5C4-1BEC5311E40E}.Debug|iPhone.ActiveCfg = Debug|Any CPU
		{4F51FBC1-86F3-40DE-B5C4-1BEC5311E40E}.Debug|iPhone.Build.0 = Debug|Any CPU
		{4F51FBC1-86F3-40DE-B5C4-1BEC5311E40E}.Debug|iPhoneSimulator.ActiveCfg = Debug|Any CPU
		{4F51FBC1-86F3-40DE-B5C4-1BEC5311E40E}.Debug|iPhoneSimulator.Build.0 = Debug|Any CPU
		{4F51FBC1-86F3-40DE-B5C4-1BEC5311E40E}.Debug|x64.ActiveCfg = Debug|Any CPU
		{4F51FBC1-86F3-40DE-B5C4-1BEC5311E40E}.Debug|x64.Build.0 = Debug|Any CPU
		{4F51FBC1-86F3-40DE-B5C4-1BEC5311E40E}.Debug|x86.ActiveCfg = Debug|Any CPU
		{4F51FBC1-86F3-40DE-B5C4-1BEC5311E40E}.Debug|x86.Build.0 = Debug|Any CPU
		{4F51FBC1-86F3-40DE-B5C4-1BEC5311E40E}.Release|Any CPU.ActiveCfg = Release|Any CPU
		{4F51FBC1-86F3-40DE-B5C4-1BEC5311E40E}.Release|Any CPU.Build.0 = Release|Any CPU
		{4F51FBC1-86F3-40DE-B5C4-1BEC5311E40E}.Release|ARM.ActiveCfg = Release|Any CPU
		{4F51FBC1-86F3-40DE-B5C4-1BEC5311E40E}.Release|ARM.Build.0 = Release|Any CPU
		{4F51FBC1-86F3-40DE-B5C4-1BEC5311E40E}.Release|iPhone.ActiveCfg = Release|Any CPU
		{4F51FBC1-86F3-40DE-B5C4-1BEC5311E40E}.Release|iPhone.Build.0 = Release|Any CPU
		{4F51FBC1-86F3-40DE-B5C4-1BEC5311E40E}.Release|iPhoneSimulator.ActiveCfg = Release|Any CPU
		{4F51FBC1-86F3-40DE-B5C4-1BEC5311E40E}.Release|iPhoneSimulator.Build.0 = Release|Any CPU
		{4F51FBC1-86F3-40DE-B5C4-1BEC5311E40E}.Release|x64.ActiveCfg = Release|Any CPU
		{4F51FBC1-86F3-40DE-B5C4-1BEC5311E40E}.Release|x64.Build.0 = Release|Any CPU
		{4F51FBC1-86F3-40DE-B5C4-1BEC5311E40E}.Release|x86.ActiveCfg = Release|Any CPU
		{4F51FBC1-86F3-40DE-B5C4-1BEC5311E40E}.Release|x86.Build.0 = Release|Any CPU
		{5FF2B51B-F8D9-478D-A9A6-C230B1E01ECE}.Ad-Hoc|Any CPU.ActiveCfg = Release|x86
		{5FF2B51B-F8D9-478D-A9A6-C230B1E01ECE}.Ad-Hoc|Any CPU.Build.0 = Release|x86
		{5FF2B51B-F8D9-478D-A9A6-C230B1E01ECE}.Ad-Hoc|Any CPU.Deploy.0 = Release|x86
		{5FF2B51B-F8D9-478D-A9A6-C230B1E01ECE}.Ad-Hoc|ARM.ActiveCfg = Release|ARM
		{5FF2B51B-F8D9-478D-A9A6-C230B1E01ECE}.Ad-Hoc|ARM.Build.0 = Release|ARM
		{5FF2B51B-F8D9-478D-A9A6-C230B1E01ECE}.Ad-Hoc|ARM.Deploy.0 = Release|ARM
		{5FF2B51B-F8D9-478D-A9A6-C230B1E01ECE}.Ad-Hoc|iPhone.ActiveCfg = Release|x86
		{5FF2B51B-F8D9-478D-A9A6-C230B1E01ECE}.Ad-Hoc|iPhone.Build.0 = Release|x86
		{5FF2B51B-F8D9-478D-A9A6-C230B1E01ECE}.Ad-Hoc|iPhone.Deploy.0 = Release|x86
		{5FF2B51B-F8D9-478D-A9A6-C230B1E01ECE}.Ad-Hoc|iPhoneSimulator.ActiveCfg = Release|x86
		{5FF2B51B-F8D9-478D-A9A6-C230B1E01ECE}.Ad-Hoc|iPhoneSimulator.Build.0 = Release|x86
		{5FF2B51B-F8D9-478D-A9A6-C230B1E01ECE}.Ad-Hoc|iPhoneSimulator.Deploy.0 = Release|x86
		{5FF2B51B-F8D9-478D-A9A6-C230B1E01ECE}.Ad-Hoc|x64.ActiveCfg = Release|x64
		{5FF2B51B-F8D9-478D-A9A6-C230B1E01ECE}.Ad-Hoc|x64.Build.0 = Release|x64
		{5FF2B51B-F8D9-478D-A9A6-C230B1E01ECE}.Ad-Hoc|x64.Deploy.0 = Release|x64
		{5FF2B51B-F8D9-478D-A9A6-C230B1E01ECE}.Ad-Hoc|x86.ActiveCfg = Release|x86
		{5FF2B51B-F8D9-478D-A9A6-C230B1E01ECE}.Ad-Hoc|x86.Build.0 = Release|x86
		{5FF2B51B-F8D9-478D-A9A6-C230B1E01ECE}.Ad-Hoc|x86.Deploy.0 = Release|x86
		{5FF2B51B-F8D9-478D-A9A6-C230B1E01ECE}.AppStore|Any CPU.ActiveCfg = Release|x86
		{5FF2B51B-F8D9-478D-A9A6-C230B1E01ECE}.AppStore|Any CPU.Build.0 = Release|x86
		{5FF2B51B-F8D9-478D-A9A6-C230B1E01ECE}.AppStore|Any CPU.Deploy.0 = Release|x86
		{5FF2B51B-F8D9-478D-A9A6-C230B1E01ECE}.AppStore|ARM.ActiveCfg = Release|ARM
		{5FF2B51B-F8D9-478D-A9A6-C230B1E01ECE}.AppStore|ARM.Build.0 = Release|ARM
		{5FF2B51B-F8D9-478D-A9A6-C230B1E01ECE}.AppStore|ARM.Deploy.0 = Release|ARM
		{5FF2B51B-F8D9-478D-A9A6-C230B1E01ECE}.AppStore|iPhone.ActiveCfg = Release|x86
		{5FF2B51B-F8D9-478D-A9A6-C230B1E01ECE}.AppStore|iPhone.Build.0 = Release|x86
		{5FF2B51B-F8D9-478D-A9A6-C230B1E01ECE}.AppStore|iPhone.Deploy.0 = Release|x86
		{5FF2B51B-F8D9-478D-A9A6-C230B1E01ECE}.AppStore|iPhoneSimulator.ActiveCfg = Release|x86
		{5FF2B51B-F8D9-478D-A9A6-C230B1E01ECE}.AppStore|iPhoneSimulator.Build.0 = Release|x86
		{5FF2B51B-F8D9-478D-A9A6-C230B1E01ECE}.AppStore|iPhoneSimulator.Deploy.0 = Release|x86
		{5FF2B51B-F8D9-478D-A9A6-C230B1E01ECE}.AppStore|x64.ActiveCfg = Release|x64
		{5FF2B51B-F8D9-478D-A9A6-C230B1E01ECE}.AppStore|x64.Build.0 = Release|x64
		{5FF2B51B-F8D9-478D-A9A6-C230B1E01ECE}.AppStore|x64.Deploy.0 = Release|x64
		{5FF2B51B-F8D9-478D-A9A6-C230B1E01ECE}.AppStore|x86.ActiveCfg = Release|x86
		{5FF2B51B-F8D9-478D-A9A6-C230B1E01ECE}.AppStore|x86.Build.0 = Release|x86
		{5FF2B51B-F8D9-478D-A9A6-C230B1E01ECE}.AppStore|x86.Deploy.0 = Release|x86
		{5FF2B51B-F8D9-478D-A9A6-C230B1E01ECE}.Debug|Any CPU.ActiveCfg = Debug|x86
		{5FF2B51B-F8D9-478D-A9A6-C230B1E01ECE}.Debug|ARM.ActiveCfg = Debug|ARM
		{5FF2B51B-F8D9-478D-A9A6-C230B1E01ECE}.Debug|ARM.Build.0 = Debug|ARM
		{5FF2B51B-F8D9-478D-A9A6-C230B1E01ECE}.Debug|ARM.Deploy.0 = Debug|ARM
		{5FF2B51B-F8D9-478D-A9A6-C230B1E01ECE}.Debug|iPhone.ActiveCfg = Debug|x86
		{5FF2B51B-F8D9-478D-A9A6-C230B1E01ECE}.Debug|iPhoneSimulator.ActiveCfg = Debug|x86
		{5FF2B51B-F8D9-478D-A9A6-C230B1E01ECE}.Debug|x64.ActiveCfg = Debug|x64
		{5FF2B51B-F8D9-478D-A9A6-C230B1E01ECE}.Debug|x64.Build.0 = Debug|x64
		{5FF2B51B-F8D9-478D-A9A6-C230B1E01ECE}.Debug|x64.Deploy.0 = Debug|x64
		{5FF2B51B-F8D9-478D-A9A6-C230B1E01ECE}.Debug|x86.ActiveCfg = Debug|x86
		{5FF2B51B-F8D9-478D-A9A6-C230B1E01ECE}.Debug|x86.Build.0 = Debug|x86
		{5FF2B51B-F8D9-478D-A9A6-C230B1E01ECE}.Debug|x86.Deploy.0 = Debug|x86
		{5FF2B51B-F8D9-478D-A9A6-C230B1E01ECE}.Release|Any CPU.ActiveCfg = Release|x86
		{5FF2B51B-F8D9-478D-A9A6-C230B1E01ECE}.Release|ARM.ActiveCfg = Release|ARM
		{5FF2B51B-F8D9-478D-A9A6-C230B1E01ECE}.Release|ARM.Build.0 = Release|ARM
		{5FF2B51B-F8D9-478D-A9A6-C230B1E01ECE}.Release|ARM.Deploy.0 = Release|ARM
		{5FF2B51B-F8D9-478D-A9A6-C230B1E01ECE}.Release|iPhone.ActiveCfg = Release|x86
		{5FF2B51B-F8D9-478D-A9A6-C230B1E01ECE}.Release|iPhoneSimulator.ActiveCfg = Release|x86
		{5FF2B51B-F8D9-478D-A9A6-C230B1E01ECE}.Release|x64.ActiveCfg = Release|x64
		{5FF2B51B-F8D9-478D-A9A6-C230B1E01ECE}.Release|x64.Build.0 = Release|x64
		{5FF2B51B-F8D9-478D-A9A6-C230B1E01ECE}.Release|x64.Deploy.0 = Release|x64
		{5FF2B51B-F8D9-478D-A9A6-C230B1E01ECE}.Release|x86.ActiveCfg = Release|x86
		{5FF2B51B-F8D9-478D-A9A6-C230B1E01ECE}.Release|x86.Build.0 = Release|x86
		{5FF2B51B-F8D9-478D-A9A6-C230B1E01ECE}.Release|x86.Deploy.0 = Release|x86
		{B57671D0-EE54-4BA2-9CE2-4ECA37F2BFB6}.Ad-Hoc|Any CPU.ActiveCfg = Ad-Hoc|iPhone
		{B57671D0-EE54-4BA2-9CE2-4ECA37F2BFB6}.Ad-Hoc|ARM.ActiveCfg = Ad-Hoc|iPhone
		{B57671D0-EE54-4BA2-9CE2-4ECA37F2BFB6}.Ad-Hoc|iPhone.ActiveCfg = Ad-Hoc|iPhone
		{B57671D0-EE54-4BA2-9CE2-4ECA37F2BFB6}.Ad-Hoc|iPhone.Build.0 = Ad-Hoc|iPhone
		{B57671D0-EE54-4BA2-9CE2-4ECA37F2BFB6}.Ad-Hoc|iPhoneSimulator.ActiveCfg = Ad-Hoc|iPhoneSimulator
		{B57671D0-EE54-4BA2-9CE2-4ECA37F2BFB6}.Ad-Hoc|iPhoneSimulator.Build.0 = Ad-Hoc|iPhoneSimulator
		{B57671D0-EE54-4BA2-9CE2-4ECA37F2BFB6}.Ad-Hoc|x64.ActiveCfg = Ad-Hoc|iPhone
		{B57671D0-EE54-4BA2-9CE2-4ECA37F2BFB6}.Ad-Hoc|x86.ActiveCfg = Ad-Hoc|iPhone
		{B57671D0-EE54-4BA2-9CE2-4ECA37F2BFB6}.AppStore|Any CPU.ActiveCfg = AppStore|iPhone
		{B57671D0-EE54-4BA2-9CE2-4ECA37F2BFB6}.AppStore|ARM.ActiveCfg = AppStore|iPhone
		{B57671D0-EE54-4BA2-9CE2-4ECA37F2BFB6}.AppStore|iPhone.ActiveCfg = AppStore|iPhone
		{B57671D0-EE54-4BA2-9CE2-4ECA37F2BFB6}.AppStore|iPhone.Build.0 = AppStore|iPhone
		{B57671D0-EE54-4BA2-9CE2-4ECA37F2BFB6}.AppStore|iPhoneSimulator.ActiveCfg = AppStore|iPhoneSimulator
		{B57671D0-EE54-4BA2-9CE2-4ECA37F2BFB6}.AppStore|iPhoneSimulator.Build.0 = AppStore|iPhoneSimulator
		{B57671D0-EE54-4BA2-9CE2-4ECA37F2BFB6}.AppStore|x64.ActiveCfg = AppStore|iPhone
		{B57671D0-EE54-4BA2-9CE2-4ECA37F2BFB6}.AppStore|x86.ActiveCfg = AppStore|iPhone
		{B57671D0-EE54-4BA2-9CE2-4ECA37F2BFB6}.Debug|Any CPU.ActiveCfg = Debug|iPhone
		{B57671D0-EE54-4BA2-9CE2-4ECA37F2BFB6}.Debug|ARM.ActiveCfg = Debug|iPhone
		{B57671D0-EE54-4BA2-9CE2-4ECA37F2BFB6}.Debug|iPhone.ActiveCfg = Debug|iPhone
		{B57671D0-EE54-4BA2-9CE2-4ECA37F2BFB6}.Debug|iPhone.Build.0 = Debug|iPhone
		{B57671D0-EE54-4BA2-9CE2-4ECA37F2BFB6}.Debug|iPhoneSimulator.ActiveCfg = Debug|iPhoneSimulator
		{B57671D0-EE54-4BA2-9CE2-4ECA37F2BFB6}.Debug|iPhoneSimulator.Build.0 = Debug|iPhoneSimulator
		{B57671D0-EE54-4BA2-9CE2-4ECA37F2BFB6}.Debug|x64.ActiveCfg = Debug|iPhone
		{B57671D0-EE54-4BA2-9CE2-4ECA37F2BFB6}.Debug|x86.ActiveCfg = Debug|iPhone
		{B57671D0-EE54-4BA2-9CE2-4ECA37F2BFB6}.Release|Any CPU.ActiveCfg = Release|iPhone
		{B57671D0-EE54-4BA2-9CE2-4ECA37F2BFB6}.Release|ARM.ActiveCfg = Release|iPhone
		{B57671D0-EE54-4BA2-9CE2-4ECA37F2BFB6}.Release|iPhone.ActiveCfg = Release|iPhone
		{B57671D0-EE54-4BA2-9CE2-4ECA37F2BFB6}.Release|iPhone.Build.0 = Release|iPhone
		{B57671D0-EE54-4BA2-9CE2-4ECA37F2BFB6}.Release|iPhoneSimulator.ActiveCfg = Release|iPhoneSimulator
		{B57671D0-EE54-4BA2-9CE2-4ECA37F2BFB6}.Release|iPhoneSimulator.Build.0 = Release|iPhoneSimulator
		{B57671D0-EE54-4BA2-9CE2-4ECA37F2BFB6}.Release|x64.ActiveCfg = Release|iPhone
		{B57671D0-EE54-4BA2-9CE2-4ECA37F2BFB6}.Release|x86.ActiveCfg = Release|iPhone
	EndGlobalSection
	GlobalSection(SolutionProperties) = preSolution
		HideSolutionNode = FALSE
	EndGlobalSection
	GlobalSection(ExtensibilityGlobals) = postSolution
		SolutionGuid = {5981E857-A290-4062-8CB7-C306D52D0531}
	EndGlobalSection
EndGlobal
